
Microsoft Visual Studio Solution File, Format Version 12.00
# Visual Studio Version 16
VisualStudioVersion = 16.0.30204.135
MinimumVisualStudioVersion = 10.0.40219.1
Project("{FAE04EC0-301F-11D3-BF4B-00C04F79EFBC}") = "WebApplication1", "WebApplication1\WebApplication1.csproj", "{A877C01F-397D-420E-BD1F-7D5CEE3386B9}"
EndProject
Global
	GlobalSection(SolutionConfigurationPlatforms) = preSolution
		Debug|Any CPU = Debug|Any CPU
		Release|Any CPU = Release|Any CPU
	EndGlobalSection
	GlobalSection(ProjectConfigurationPlatforms) = postSolution
		{A877C01F-397D-420E-BD1F-7D5CEE3386B9}.Debug|Any CPU.ActiveCfg = Debug|Any CPU
		{A877C01F-397D-420E-BD1F-7D5CEE3386B9}.Debug|Any CPU.Build.0 = Debug|Any CPU
		{A877C01F-397D-420E-BD1F-7D5CEE3386B9}.Release|Any CPU.ActiveCfg = Release|Any CPU
		{A877C01F-397D-420E-BD1F-7D5CEE3386B9}.Release|Any CPU.Build.0 = Release|Any CPU
	EndGlobalSection
	GlobalSection(SolutionProperties) = preSolution
		HideSolutionNode = FALSE
	EndGlobalSection
	GlobalSection(ExtensibilityGlobals) = postSolution
		SolutionGuid = {FD362B11-93BC-45CE-94D5-309AAF9A86E2}
	EndGlobalSection
EndGlobal
